// !$*UTF8*$!
{
	archiveVersion = 1;
	classes = {
	};
	objectVersion = 56;
	objects = {

/* Begin PBXBuildFile section */
		0247306E2CB589F300A6C86B /* climate_closetApp.swift in Sources */ = {isa = PBXBuildFile; fileRef = 0247306D2CB589F300A6C86B /* climate_closetApp.swift */; };
		024730702CB589F300A6C86B /* ContentView.swift in Sources */ = {isa = PBXBuildFile; fileRef = 0247306F2CB589F300A6C86B /* ContentView.swift */; };
		024730722CB589F300A6C86B /* Assets.xcassets in Resources */ = {isa = PBXBuildFile; fileRef = 024730712CB589F300A6C86B /* Assets.xcassets */; };
		024730752CB589F300A6C86B /* Preview Assets.xcassets in Resources */ = {isa = PBXBuildFile; fileRef = 024730742CB589F300A6C86B /* Preview Assets.xcassets */; };
		028D3F8D2CB58B2800F8B4FA /* clothing.swift in Sources */ = {isa = PBXBuildFile; fileRef = 028D3F8C2CB58B2800F8B4FA /* clothing.swift */; };
/* End PBXBuildFile section */

/* Begin PBXContainerItemProxy section */
		0247307B2CB589F300A6C86B /* PBXContainerItemProxy */ = {
			isa = PBXContainerItemProxy;
			containerPortal = 024730622CB589F200A6C86B /* Project object */;
			proxyType = 1;
			remoteGlobalIDString = 024730692CB589F200A6C86B;
			remoteInfo = "climate-closet";
		};
		024730852CB589F300A6C86B /* PBXContainerItemProxy */ = {
			isa = PBXContainerItemProxy;
			containerPortal = 024730622CB589F200A6C86B /* Project object */;
			proxyType = 1;
			remoteGlobalIDString = 024730692CB589F200A6C86B;
			remoteInfo = "climate-closet";
		};
/* End PBXContainerItemProxy section */

/* Begin PBXFileReference section */
		0247306A2CB589F300A6C86B /* climate-closet.app */ = {isa = PBXFileReference; explicitFileType = wrapper.application; includeInIndex = 0; path = "climate-closet.app"; sourceTree = BUILT_PRODUCTS_DIR; };
		0247306D2CB589F300A6C86B /* climate_closetApp.swift */ = {isa = PBXFileReference; lastKnownFileType = sourcecode.swift; path = climate_closetApp.swift; sourceTree = "<group>"; };
		0247306F2CB589F300A6C86B /* ContentView.swift */ = {isa = PBXFileReference; lastKnownFileType = sourcecode.swift; path = ContentView.swift; sourceTree = "<group>"; };
		024730712CB589F300A6C86B /* Assets.xcassets */ = {isa = PBXFileReference; lastKnownFileType = folder.assetcatalog; path = Assets.xcassets; sourceTree = "<group>"; };
		024730742CB589F300A6C86B /* Preview Assets.xcassets */ = {isa = PBXFileReference; lastKnownFileType = folder.assetcatalog; path = "Preview Assets.xcassets"; sourceTree = "<group>"; };
		0247307A2CB589F300A6C86B /* climate-closetTests.xctest */ = {isa = PBXFileReference; explicitFileType = wrapper.cfbundle; includeInIndex = 0; path = "climate-closetTests.xctest"; sourceTree = BUILT_PRODUCTS_DIR; };
		024730842CB589F300A6C86B /* climate-closetUITests.xctest */ = {isa = PBXFileReference; explicitFileType = wrapper.cfbundle; includeInIndex = 0; path = "climate-closetUITests.xctest"; sourceTree = BUILT_PRODUCTS_DIR; };
		028D3F8C2CB58B2800F8B4FA /* clothing.swift */ = {isa = PBXFileReference; fileEncoding = 4; lastKnownFileType = sourcecode.swift; path = clothing.swift; sourceTree = "<group>"; };
/* End PBXFileReference section */

/* Begin PBXFrameworksBuildPhase section */
		024730672CB589F200A6C86B /* Frameworks */ = {
			isa = PBXFrameworksBuildPhase;
			buildActionMask = 2147483647;
			files = (
			);
			runOnlyForDeploymentPostprocessing = 0;
		};
		024730772CB589F300A6C86B /* Frameworks */ = {
			isa = PBXFrameworksBuildPhase;
			buildActionMask = 2147483647;
			files = (
			);
			runOnlyForDeploymentPostprocessing = 0;
		};
		024730812CB589F300A6C86B /* Frameworks */ = {
			isa = PBXFrameworksBuildPhase;
			buildActionMask = 2147483647;
			files = (
			);
			runOnlyForDeploymentPostprocessing = 0;
		};
/* End PBXFrameworksBuildPhase section */

/* Begin PBXGroup section */
		024730612CB589F200A6C86B = {
			isa = PBXGroup;
			children = (
				0247306C2CB589F300A6C86B /* climate-closet */,
				0247306B2CB589F300A6C86B /* Products */,
			);
			sourceTree = "<group>";
		};
		0247306B2CB589F300A6C86B /* Products */ = {
			isa = PBXGroup;
			children = (
				0247306A2CB589F300A6C86B /* climate-closet.app */,
				0247307A2CB589F300A6C86B /* climate-closetTests.xctest */,
				024730842CB589F300A6C86B /* climate-closetUITests.xctest */,
			);
			name = Products;
			sourceTree = "<group>";
		};
		0247306C2CB589F300A6C86B /* climate-closet */ = {
			isa = PBXGroup;
			children = (
				0247306D2CB589F300A6C86B /* climate_closetApp.swift */,
				028D3F8C2CB58B2800F8B4FA /* clothing.swift */,
				0247306F2CB589F300A6C86B /* ContentView.swift */,
				024730712CB589F300A6C86B /* Assets.xcassets */,
				024730732CB589F300A6C86B /* Preview Content */,
			);
			path = "climate-closet";
			sourceTree = "<group>";
		};
		024730732CB589F300A6C86B /* Preview Content */ = {
			isa = PBXGroup;
			children = (
				024730742CB589F300A6C86B /* Preview Assets.xcassets */,
			);
			path = "Preview Content";
			sourceTree = "<group>";
		};
/* End PBXGroup section */

/* Begin PBXNativeTarget section */
		024730692CB589F200A6C86B /* climate-closet */ = {
			isa = PBXNativeTarget;
			buildConfigurationList = 0247308E2CB589F300A6C86B /* Build configuration list for PBXNativeTarget "climate-closet" */;
			buildPhases = (
				024730662CB589F200A6C86B /* Sources */,
				024730672CB589F200A6C86B /* Frameworks */,
				024730682CB589F200A6C86B /* Resources */,
			);
			buildRules = (
			);
			dependencies = (
			);
			name = "climate-closet";
			productName = "climate-closet";
			productReference = 0247306A2CB589F300A6C86B /* climate-closet.app */;
			productType = "com.apple.product-type.application";
		};
		024730792CB589F300A6C86B /* climate-closetTests */ = {
			isa = PBXNativeTarget;
			buildConfigurationList = 024730912CB589F300A6C86B /* Build configuration list for PBXNativeTarget "climate-closetTests" */;
			buildPhases = (
				024730762CB589F300A6C86B /* Sources */,
				024730772CB589F300A6C86B /* Frameworks */,
				024730782CB589F300A6C86B /* Resources */,
			);
			buildRules = (
			);
			dependencies = (
				0247307C2CB589F300A6C86B /* PBXTargetDependency */,
			);
			name = "climate-closetTests";
			productName = "climate-closetTests";
			productReference = 0247307A2CB589F300A6C86B /* climate-closetTests.xctest */;
			productType = "com.apple.product-type.bundle.unit-test";
		};
		024730832CB589F300A6C86B /* climate-closetUITests */ = {
			isa = PBXNativeTarget;
			buildConfigurationList = 024730942CB589F300A6C86B /* Build configuration list for PBXNativeTarget "climate-closetUITests" */;
			buildPhases = (
				024730802CB589F300A6C86B /* Sources */,
				024730812CB589F300A6C86B /* Frameworks */,
				024730822CB589F300A6C86B /* Resources */,
			);
			buildRules = (
			);
			dependencies = (
				024730862CB589F300A6C86B /* PBXTargetDependency */,
			);
			name = "climate-closetUITests";
			productName = "climate-closetUITests";
			productReference = 024730842CB589F300A6C86B /* climate-closetUITests.xctest */;
			productType = "com.apple.product-type.bundle.ui-testing";
		};
/* End PBXNativeTarget section */

/* Begin PBXProject section */
		024730622CB589F200A6C86B /* Project object */ = {
			isa = PBXProject;
			attributes = {
				BuildIndependentTargetsInParallel = 1;
				LastSwiftUpdateCheck = 1540;
				LastUpgradeCheck = 1540;
				TargetAttributes = {
					024730692CB589F200A6C86B = {
						CreatedOnToolsVersion = 15.4;
					};
					024730792CB589F300A6C86B = {
						CreatedOnToolsVersion = 15.4;
						TestTargetID = 024730692CB589F200A6C86B;
					};
					024730832CB589F300A6C86B = {
						CreatedOnToolsVersion = 15.4;
						TestTargetID = 024730692CB589F200A6C86B;
					};
				};
			};
			buildConfigurationList = 024730652CB589F200A6C86B /* Build configuration list for PBXProject "climate-closet" */;
			compatibilityVersion = "Xcode 14.0";
			developmentRegion = en;
			hasScannedForEncodings = 0;
			knownRegions = (
				en,
				Base,
			);
			mainGroup = 024730612CB589F200A6C86B;
			productRefGroup = 0247306B2CB589F300A6C86B /* Products */;
			projectDirPath = "";
			projectRoot = "";
			targets = (
				024730692CB589F200A6C86B /* climate-closet */,
				024730792CB589F300A6C86B /* climate-closetTests */,
				024730832CB589F300A6C86B /* climate-closetUITests */,
			);
		};
/* End PBXProject section */

/* Begin PBXResourcesBuildPhase section */
		024730682CB589F200A6C86B /* Resources */ = {
			isa = PBXResourcesBuildPhase;
			buildActionMask = 2147483647;
			files = (
				024730752CB589F300A6C86B /* Preview Assets.xcassets in Resources */,
				024730722CB589F300A6C86B /* Assets.xcassets in Resources */,
			);
			runOnlyForDeploymentPostprocessing = 0;
		};
		024730782CB589F300A6C86B /* Resources */ = {
			isa = PBXResourcesBuildPhase;
			buildActionMask = 2147483647;
			files = (
			);
			runOnlyForDeploymentPostprocessing = 0;
		};
		024730822CB589F300A6C86B /* Resources */ = {
			isa = PBXResourcesBuildPhase;
			buildActionMask = 2147483647;
			files = (
			);
			runOnlyForDeploymentPostprocessing = 0;
		};
/* End PBXResourcesBuildPhase section */

/* Begin PBXSourcesBuildPhase section */
		024730662CB589F200A6C86B /* Sources */ = {
			isa = PBXSourcesBuildPhase;
			buildActionMask = 2147483647;
			files = (
				024730702CB589F300A6C86B /* ContentView.swift in Sources */,
				0247306E2CB589F300A6C86B /* climate_closetApp.swift in Sources */,
				028D3F8D2CB58B2800F8B4FA /* clothing.swift in Sources */,
			);
			runOnlyForDeploymentPostprocessing = 0;
		};
		024730762CB589F300A6C86B /* Sources */ = {
			isa = PBXSourcesBuildPhase;
			buildActionMask = 2147483647;
			files = (
			);
			runOnlyForDeploymentPostprocessing = 0;
		};
		024730802CB589F300A6C86B /* Sources */ = {
			isa = PBXSourcesBuildPhase;
			buildActionMask = 2147483647;
			files = (
			);
			runOnlyForDeploymentPostprocessing = 0;
		};
/* End PBXSourcesBuildPhase section */

/* Begin PBXTargetDependency section */
		0247307C2CB589F300A6C86B /* PBXTargetDependency */ = {
			isa = PBXTargetDependency;
			target = 024730692CB589F200A6C86B /* climate-closet */;
			targetProxy = 0247307B2CB589F300A6C86B /* PBXContainerItemProxy */;
		};
		024730862CB589F300A6C86B /* PBXTargetDependency */ = {
			isa = PBXTargetDependency;
			target = 024730692CB589F200A6C86B /* climate-closet */;
			targetProxy = 024730852CB589F300A6C86B /* PBXContainerItemProxy */;
		};
/* End PBXTargetDependency section */

/* Begin XCBuildConfiguration section */
		0247308C2CB589F300A6C86B /* Debug */ = {
			isa = XCBuildConfiguration;
			buildSettings = {
				ALWAYS_SEARCH_USER_PATHS = NO;
				ASSETCATALOG_COMPILER_GENERATE_SWIFT_ASSET_SYMBOL_EXTENSIONS = YES;
				CLANG_ANALYZER_NONNULL = YES;
				CLANG_ANALYZER_NUMBER_OBJECT_CONVERSION = YES_AGGRESSIVE;
				CLANG_CXX_LANGUAGE_STANDARD = "gnu++20";
				CLANG_ENABLE_MODULES = YES;
				CLANG_ENABLE_OBJC_ARC = YES;
				CLANG_ENABLE_OBJC_WEAK = YES;
				CLANG_WARN_BLOCK_CAPTURE_AUTORELEASING = YES;
				CLANG_WARN_BOOL_CONVERSION = YES;
				CLANG_WARN_COMMA = YES;
				CLANG_WARN_CONSTANT_CONVERSION = YES;
				CLANG_WARN_DEPRECATED_OBJC_IMPLEMENTATIONS = YES;
				CLANG_WARN_DIRECT_OBJC_ISA_USAGE = YES_ERROR;
				CLANG_WARN_DOCUMENTATION_COMMENTS = YES;
				CLANG_WARN_EMPTY_BODY = YES;
				CLANG_WARN_ENUM_CONVERSION = YES;
				CLANG_WARN_INFINITE_RECURSION = YES;
				CLANG_WARN_INT_CONVERSION = YES;
				CLANG_WARN_NON_LITERAL_NULL_CONVERSION = YES;
				CLANG_WARN_OBJC_IMPLICIT_RETAIN_SELF = YES;
				CLANG_WARN_OBJC_LITERAL_CONVERSION = YES;
				CLANG_WARN_OBJC_ROOT_CLASS = YES_ERROR;
				CLANG_WARN_QUOTED_INCLUDE_IN_FRAMEWORK_HEADER = YES;
				CLANG_WARN_RANGE_LOOP_ANALYSIS = YES;
				CLANG_WARN_STRICT_PROTOTYPES = YES;
				CLANG_WARN_SUSPICIOUS_MOVE = YES;
				CLANG_WARN_UNGUARDED_AVAILABILITY = YES_AGGRESSIVE;
				CLANG_WARN_UNREACHABLE_CODE = YES;
				CLANG_WARN__DUPLICATE_METHOD_MATCH = YES;
				COPY_PHASE_STRIP = NO;
				DEBUG_INFORMATION_FORMAT = dwarf;
				ENABLE_STRICT_OBJC_MSGSEND = YES;
				ENABLE_TESTABILITY = YES;
				ENABLE_USER_SCRIPT_SANDBOXING = YES;
				GCC_C_LANGUAGE_STANDARD = gnu17;
				GCC_DYNAMIC_NO_PIC = NO;
				GCC_NO_COMMON_BLOCKS = YES;
				GCC_OPTIMIZATION_LEVEL = 0;
				GCC_PREPROCESSOR_DEFINITIONS = (
					"DEBUG=1",
					"$(inherited)",
				);
				GCC_WARN_64_TO_32_BIT_CONVERSION = YES;
				GCC_WARN_ABOUT_RETURN_TYPE = YES_ERROR;
				GCC_WARN_UNDECLARED_SELECTOR = YES;
				GCC_WARN_UNINITIALIZED_AUTOS = YES_AGGRESSIVE;
				GCC_WARN_UNUSED_FUNCTION = YES;
				GCC_WARN_UNUSED_VARIABLE = YES;
				IPHONEOS_DEPLOYMENT_TARGET = 17.5;
				LOCALIZATION_PREFERS_STRING_CATALOGS = YES;
				MTL_ENABLE_DEBUG_INFO = INCLUDE_SOURCE;
				MTL_FAST_MATH = YES;
				ONLY_ACTIVE_ARCH = YES;
				SDKROOT = iphoneos;
				SWIFT_ACTIVE_COMPILATION_CONDITIONS = "DEBUG $(inherited)";
				SWIFT_OPTIMIZATION_LEVEL = "-Onone";
			};
			name = Debug;
		};
		0247308D2CB589F300A6C86B /* Release */ = {
			isa = XCBuildConfiguration;
			buildSettings = {
				ALWAYS_SEARCH_USER_PATHS = NO;
				ASSETCATALOG_COMPILER_GENERATE_SWIFT_ASSET_SYMBOL_EXTENSIONS = YES;
				CLANG_ANALYZER_NONNULL = YES;
				CLANG_ANALYZER_NUMBER_OBJECT_CONVERSION = YES_AGGRESSIVE;
				CLANG_CXX_LANGUAGE_STANDARD = "gnu++20";
				CLANG_ENABLE_MODULES = YES;
				CLANG_ENABLE_OBJC_ARC = YES;
				CLANG_ENABLE_OBJC_WEAK = YES;
				CLANG_WARN_BLOCK_CAPTURE_AUTORELEASING = YES;
				CLANG_WARN_BOOL_CONVERSION = YES;
				CLANG_WARN_COMMA = YES;
				CLANG_WARN_CONSTANT_CONVERSION = YES;
				CLANG_WARN_DEPRECATED_OBJC_IMPLEMENTATIONS = YES;
				CLANG_WARN_DIRECT_OBJC_ISA_USAGE = YES_ERROR;
				CLANG_WARN_DOCUMENTATION_COMMENTS = YES;
				CLANG_WARN_EMPTY_BODY = YES;
				CLANG_WARN_ENUM_CONVERSION = YES;
				CLANG_WARN_INFINITE_RECURSION = YES;
				CLANG_WARN_INT_CONVERSION = YES;
				CLANG_WARN_NON_LITERAL_NULL_CONVERSION = YES;
				CLANG_WARN_OBJC_IMPLICIT_RETAIN_SELF = YES;
				CLANG_WARN_OBJC_LITERAL_CONVERSION = YES;
				CLANG_WARN_OBJC_ROOT_CLASS = YES_ERROR;
				CLANG_WARN_QUOTED_INCLUDE_IN_FRAMEWORK_HEADER = YES;
				CLANG_WARN_RANGE_LOOP_ANALYSIS = YES;
				CLANG_WARN_STRICT_PROTOTYPES = YES;
				CLANG_WARN_SUSPICIOUS_MOVE = YES;
				CLANG_WARN_UNGUARDED_AVAILABILITY = YES_AGGRESSIVE;
				CLANG_WARN_UNREACHABLE_CODE = YES;
				CLANG_WARN__DUPLICATE_METHOD_MATCH = YES;
				COPY_PHASE_STRIP = NO;
				DEBUG_INFORMATION_FORMAT = "dwarf-with-dsym";
				ENABLE_NS_ASSERTIONS = NO;
				ENABLE_STRICT_OBJC_MSGSEND = YES;
				ENABLE_USER_SCRIPT_SANDBOXING = YES;
				GCC_C_LANGUAGE_STANDARD = gnu17;
				GCC_NO_COMMON_BLOCKS = YES;
				GCC_WARN_64_TO_32_BIT_CONVERSION = YES;
				GCC_WARN_ABOUT_RETURN_TYPE = YES_ERROR;
				GCC_WARN_UNDECLARED_SELECTOR = YES;
				GCC_WARN_UNINITIALIZED_AUTOS = YES_AGGRESSIVE;
				GCC_WARN_UNUSED_FUNCTION = YES;
				GCC_WARN_UNUSED_VARIABLE = YES;
				IPHONEOS_DEPLOYMENT_TARGET = 17.5;
				LOCALIZATION_PREFERS_STRING_CATALOGS = YES;
				MTL_ENABLE_DEBUG_INFO = NO;
				MTL_FAST_MATH = YES;
				SDKROOT = iphoneos;
				SWIFT_COMPILATION_MODE = wholemodule;
				VALIDATE_PRODUCT = YES;
			};
			name = Release;
		};
		0247308F2CB589F300A6C86B /* Debug */ = {
			isa = XCBuildConfiguration;
			buildSettings = {
				ASSETCATALOG_COMPILER_APPICON_NAME = AppIcon;
				ASSETCATALOG_COMPILER_GLOBAL_ACCENT_COLOR_NAME = AccentColor;
				CODE_SIGN_STYLE = Automatic;
				CURRENT_PROJECT_VERSION = 1;
				DEVELOPMENT_ASSET_PATHS = "\"climate-closet/Preview Content\"";
				ENABLE_PREVIEWS = YES;
				GENERATE_INFOPLIST_FILE = YES;
				INFOPLIST_KEY_UIApplicationSceneManifest_Generation = YES;
				INFOPLIST_KEY_UIApplicationSupportsIndirectInputEvents = YES;
				INFOPLIST_KEY_UILaunchScreen_Generation = YES;
				INFOPLIST_KEY_UISupportedInterfaceOrientations_iPad = "UIInterfaceOrientationPortrait UIInterfaceOrientationPortraitUpsideDown UIInterfaceOrientationLandscapeLeft UIInterfaceOrientationLandscapeRight";
				INFOPLIST_KEY_UISupportedInterfaceOrientations_iPhone = "UIInterfaceOrientationPortrait UIInterfaceOrientationLandscapeLeft UIInterfaceOrientationLandscapeRight";
				LD_RUNPATH_SEARCH_PATHS = (
					"$(inherited)",
					"@executable_path/Frameworks",
				);
				MARKETING_VERSION = 1.0;
				PRODUCT_BUNDLE_IDENTIFIER = "adlucian.climate-closet";
				PRODUCT_NAME = "$(TARGET_NAME)";
				SWIFT_EMIT_LOC_STRINGS = YES;
				SWIFT_VERSION = 5.0;
				TARGETED_DEVICE_FAMILY = "1,2";
			};
			name = Debug;
		};
		024730902CB589F300A6C86B /* Release */ = {
			isa = XCBuildConfiguration;
			buildSettings = {
				ASSETCATALOG_COMPILER_APPICON_NAME = AppIcon;
				ASSETCATALOG_COMPILER_GLOBAL_ACCENT_COLOR_NAME = AccentColor;
				CODE_SIGN_STYLE = Automatic;
				CURRENT_PROJECT_VERSION = 1;
				DEVELOPMENT_ASSET_PATHS = "\"climate-closet/Preview Content\"";
				ENABLE_PREVIEWS = YES;
				GENERATE_INFOPLIST_FILE = YES;
				INFOPLIST_KEY_UIApplicationSceneManifest_Generation = YES;
				INFOPLIST_KEY_UIApplicationSupportsIndirectInputEvents = YES;
				INFOPLIST_KEY_UILaunchScreen_Generation = YES;
				INFOPLIST_KEY_UISupportedInterfaceOrientations_iPad = "UIInterfaceOrientationPortrait UIInterfaceOrientationPortraitUpsideDown UIInterfaceOrientationLandscapeLeft UIInterfaceOrientationLandscapeRight";
				INFOPLIST_KEY_UISupportedInterfaceOrientations_iPhone = "UIInterfaceOrientationPortrait UIInterfaceOrientationLandscapeLeft UIInterfaceOrientationLandscapeRight";
				LD_RUNPATH_SEARCH_PATHS = (
					"$(inherited)",
					"@executable_path/Frameworks",
				);
				MARKETING_VERSION = 1.0;
				PRODUCT_BUNDLE_IDENTIFIER = "adlucian.climate-closet";
				PRODUCT_NAME = "$(TARGET_NAME)";
				SWIFT_EMIT_LOC_STRINGS = YES;
				SWIFT_VERSION = 5.0;
				TARGETED_DEVICE_FAMILY = "1,2";
			};
			name = Release;
		};
		024730922CB589F300A6C86B /* Debug */ = {
			isa = XCBuildConfiguration;
			buildSettings = {
				ALWAYS_EMBED_SWIFT_STANDARD_LIBRARIES = YES;
				BUNDLE_LOADER = "$(TEST_HOST)";
				CODE_SIGN_STYLE = Automatic;
				CURRENT_PROJECT_VERSION = 1;
				GENERATE_INFOPLIST_FILE = YES;
				IPHONEOS_DEPLOYMENT_TARGET = 17.5;
				MARKETING_VERSION = 1.0;
				PRODUCT_BUNDLE_IDENTIFIER = "adlucian.climate-closetTests";
				PRODUCT_NAME = "$(TARGET_NAME)";
				SWIFT_EMIT_LOC_STRINGS = NO;
				SWIFT_VERSION = 5.0;
				TARGETED_DEVICE_FAMILY = "1,2";
				TEST_HOST = "$(BUILT_PRODUCTS_DIR)/climate-closet.app/$(BUNDLE_EXECUTABLE_FOLDER_PATH)/climate-closet";
			};
			name = Debug;
		};
		024730932CB589F300A6C86B /* Release */ = {
			isa = XCBuildConfiguration;
			buildSettings = {
				ALWAYS_EMBED_SWIFT_STANDARD_LIBRARIES = YES;
				BUNDLE_LOADER = "$(TEST_HOST)";
				CODE_SIGN_STYLE = Automatic;
				CURRENT_PROJECT_VERSION = 1;
				GENERATE_INFOPLIST_FILE = YES;
				IPHONEOS_DEPLOYMENT_TARGET = 17.5;
				MARKETING_VERSION = 1.0;
				PRODUCT_BUNDLE_IDENTIFIER = "adlucian.climate-closetTests";
				PRODUCT_NAME = "$(TARGET_NAME)";
				SWIFT_EMIT_LOC_STRINGS = NO;
				SWIFT_VERSION = 5.0;
				TARGETED_DEVICE_FAMILY = "1,2";
				TEST_HOST = "$(BUILT_PRODUCTS_DIR)/climate-closet.app/$(BUNDLE_EXECUTABLE_FOLDER_PATH)/climate-closet";
			};
			name = Release;
		};
		024730952CB589F300A6C86B /* Debug */ = {
			isa = XCBuildConfiguration;
			buildSettings = {
				ALWAYS_EMBED_SWIFT_STANDARD_LIBRARIES = YES;
				CODE_SIGN_STYLE = Automatic;
				CURRENT_PROJECT_VERSION = 1;
				GENERATE_INFOPLIST_FILE = YES;
				MARKETING_VERSION = 1.0;
				PRODUCT_BUNDLE_IDENTIFIER = "adlucian.climate-closetUITests";
				PRODUCT_NAME = "$(TARGET_NAME)";
				SWIFT_EMIT_LOC_STRINGS = NO;
				SWIFT_VERSION = 5.0;
				TARGETED_DEVICE_FAMILY = "1,2";
				TEST_TARGET_NAME = "climate-closet";
			};
			name = Debug;
		};
		024730962CB589F300A6C86B /* Release */ = {
			isa = XCBuildConfiguration;
			buildSettings = {
				ALWAYS_EMBED_SWIFT_STANDARD_LIBRARIES = YES;
				CODE_SIGN_STYLE = Automatic;
				CURRENT_PROJECT_VERSION = 1;
				GENERATE_INFOPLIST_FILE = YES;
				MARKETING_VERSION = 1.0;
				PRODUCT_BUNDLE_IDENTIFIER = "adlucian.climate-closetUITests";
				PRODUCT_NAME = "$(TARGET_NAME)";
				SWIFT_EMIT_LOC_STRINGS = NO;
				SWIFT_VERSION = 5.0;
				TARGETED_DEVICE_FAMILY = "1,2";
				TEST_TARGET_NAME = "climate-closet";
			};
			name = Release;
		};
/* End XCBuildConfiguration section */

/* Begin XCConfigurationList section */
		024730652CB589F200A6C86B /* Build configuration list for PBXProject "climate-closet" */ = {
			isa = XCConfigurationList;
			buildConfigurations = (
				0247308C2CB589F300A6C86B /* Debug */,
				0247308D2CB589F300A6C86B /* Release */,
			);
			defaultConfigurationIsVisible = 0;
			defaultConfigurationName = Release;
		};
		0247308E2CB589F300A6C86B /* Build configuration list for PBXNativeTarget "climate-closet" */ = {
			isa = XCConfigurationList;
			buildConfigurations = (
				0247308F2CB589F300A6C86B /* Debug */,
				024730902CB589F300A6C86B /* Release */,
			);
			defaultConfigurationIsVisible = 0;
			defaultConfigurationName = Release;
		};
		024730912CB589F300A6C86B /* Build configuration list for PBXNativeTarget "climate-closetTests" */ = {
			isa = XCConfigurationList;
			buildConfigurations = (
				024730922CB589F300A6C86B /* Debug */,
				024730932CB589F300A6C86B /* Release */,
			);
			defaultConfigurationIsVisible = 0;
			defaultConfigurationName = Release;
		};
		024730942CB589F300A6C86B /* Build configuration list for PBXNativeTarget "climate-closetUITests" */ = {
			isa = XCConfigurationList;
			buildConfigurations = (
				024730952CB589F300A6C86B /* Debug */,
				024730962CB589F300A6C86B /* Release */,
			);
			defaultConfigurationIsVisible = 0;
			defaultConfigurationName = Release;
		};
/* End XCConfigurationList section */
	};
	rootObject = 024730622CB589F200A6C86B /* Project object */;
}
